
Microsoft Visual Studio Solution File, Format Version 12.00
# Visual Studio 15
VisualStudioVersion = 15.0.27703.2035
MinimumVisualStudioVersion = 10.0.40219.1
Project("{FAE04EC0-301F-11D3-BF4B-00C04F79EFBC}") = "myoddweb.desktopsearch.service", "myoddweb.desktopsearch.service\myoddweb.desktopsearch.service.csproj", "{4EC949E0-F005-458F-91E4-2AC42270F9EA}"
EndProject
Project("{FAE04EC0-301F-11D3-BF4B-00C04F79EFBC}") = "myoddweb.desktopsearch.interfaces", "myoddweb.desktopsearch.interfaces\myoddweb.desktopsearch.interfaces.csproj", "{B1B3597E-D169-47A0-8CA8-FD543EF817D9}"
EndProject
Project("{FAE04EC0-301F-11D3-BF4B-00C04F79EFBC}") = "myoddweb.desktopsearch.parser", "myoddweb.desktopsearch.parser\myoddweb.desktopsearch.parser.csproj", "{22E5A150-C0AD-4715-8A42-47C50D74BAAE}"
EndProject
Project("{FAE04EC0-301F-11D3-BF4B-00C04F79EFBC}") = "myoddweb.desktopsearch.parser.test", "myoddweb.desktopsearch.parser.test\myoddweb.desktopsearch.parser.test.csproj", "{01DDB99F-4FF9-4911-AEEE-F360531A203D}"
EndProject
Project("{FAE04EC0-301F-11D3-BF4B-00C04F79EFBC}") = "myoddweb.desktopsearch.processor", "myoddweb.desktopsearch.processor\myoddweb.desktopsearch.processor.csproj", "{82E17E00-292F-452B-BE8D-0411C52A83FB}"
EndProject
Project("{FAE04EC0-301F-11D3-BF4B-00C04F79EFBC}") = "myoddweb.desktopsearch.helper", "myoddweb.desktopsearch.helper\myoddweb.desktopsearch.helper.csproj", "{3D64478E-CB04-40BF-8A18-51989856746F}"
EndProject
Global
	GlobalSection(SolutionConfigurationPlatforms) = preSolution
		Debug|Any CPU = Debug|Any CPU
		Release|Any CPU = Release|Any CPU
	EndGlobalSection
	GlobalSection(ProjectConfigurationPlatforms) = postSolution
		{4EC949E0-F005-458F-91E4-2AC42270F9EA}.Debug|Any CPU.ActiveCfg = Debug|Any CPU
		{4EC949E0-F005-458F-91E4-2AC42270F9EA}.Debug|Any CPU.Build.0 = Debug|Any CPU
		{4EC949E0-F005-458F-91E4-2AC42270F9EA}.Release|Any CPU.ActiveCfg = Release|Any CPU
		{4EC949E0-F005-458F-91E4-2AC42270F9EA}.Release|Any CPU.Build.0 = Release|Any CPU
		{B1B3597E-D169-47A0-8CA8-FD543EF817D9}.Debug|Any CPU.ActiveCfg = Debug|Any CPU
		{B1B3597E-D169-47A0-8CA8-FD543EF817D9}.Debug|Any CPU.Build.0 = Debug|Any CPU
		{B1B3597E-D169-47A0-8CA8-FD543EF817D9}.Release|Any CPU.ActiveCfg = Release|Any CPU
		{B1B3597E-D169-47A0-8CA8-FD543EF817D9}.Release|Any CPU.Build.0 = Release|Any CPU
		{22E5A150-C0AD-4715-8A42-47C50D74BAAE}.Debug|Any CPU.ActiveCfg = Debug|Any CPU
		{22E5A150-C0AD-4715-8A42-47C50D74BAAE}.Debug|Any CPU.Build.0 = Debug|Any CPU
		{22E5A150-C0AD-4715-8A42-47C50D74BAAE}.Release|Any CPU.ActiveCfg = Release|Any CPU
		{22E5A150-C0AD-4715-8A42-47C50D74BAAE}.Release|Any CPU.Build.0 = Release|Any CPU
		{01DDB99F-4FF9-4911-AEEE-F360531A203D}.Debug|Any CPU.ActiveCfg = Debug|Any CPU
		{01DDB99F-4FF9-4911-AEEE-F360531A203D}.Debug|Any CPU.Build.0 = Debug|Any CPU
		{01DDB99F-4FF9-4911-AEEE-F360531A203D}.Release|Any CPU.ActiveCfg = Release|Any CPU
		{01DDB99F-4FF9-4911-AEEE-F360531A203D}.Release|Any CPU.Build.0 = Release|Any CPU
		{82E17E00-292F-452B-BE8D-0411C52A83FB}.Debug|Any CPU.ActiveCfg = Debug|Any CPU
		{82E17E00-292F-452B-BE8D-0411C52A83FB}.Debug|Any CPU.Build.0 = Debug|Any CPU
		{82E17E00-292F-452B-BE8D-0411C52A83FB}.Release|Any CPU.ActiveCfg = Release|Any CPU
		{82E17E00-292F-452B-BE8D-0411C52A83FB}.Release|Any CPU.Build.0 = Release|Any CPU
		{3D64478E-CB04-40BF-8A18-51989856746F}.Debug|Any CPU.ActiveCfg = Debug|Any CPU
		{3D64478E-CB04-40BF-8A18-51989856746F}.Debug|Any CPU.Build.0 = Debug|Any CPU
		{3D64478E-CB04-40BF-8A18-51989856746F}.Release|Any CPU.ActiveCfg = Release|Any CPU
		{3D64478E-CB04-40BF-8A18-51989856746F}.Release|Any CPU.Build.0 = Release|Any CPU
	EndGlobalSection
	GlobalSection(SolutionProperties) = preSolution
		HideSolutionNode = FALSE
	EndGlobalSection
	GlobalSection(ExtensibilityGlobals) = postSolution
		SolutionGuid = {F2388AF5-85F2-4074-80BF-8433C7251909}
	EndGlobalSection
EndGlobal
